
Microsoft Visual Studio Solution File, Format Version 12.00
# Visual Studio 15
VisualStudioVersion = 15.0.27703.2018
MinimumVisualStudioVersion = 10.0.40219.1
Project("{FAE04EC0-301F-11D3-BF4B-00C04F79EFBC}") = "POO", "POO\POO.csproj", "{FA4249F9-0225-4A4B-BCFC-9AF079401395}"
EndProject
Global
	GlobalSection(SolutionConfigurationPlatforms) = preSolution
		Debug|Any CPU = Debug|Any CPU
		Release|Any CPU = Release|Any CPU
	EndGlobalSection
	GlobalSection(ProjectConfigurationPlatforms) = postSolution
		{FA4249F9-0225-4A4B-BCFC-9AF079401395}.Debug|Any CPU.ActiveCfg = Debug|Any CPU
		{FA4249F9-0225-4A4B-BCFC-9AF079401395}.Debug|Any CPU.Build.0 = Debug|Any CPU
		{FA4249F9-0225-4A4B-BCFC-9AF079401395}.Release|Any CPU.ActiveCfg = Release|Any CPU
		{FA4249F9-0225-4A4B-BCFC-9AF079401395}.Release|Any CPU.Build.0 = Release|Any CPU
	EndGlobalSection
	GlobalSection(SolutionProperties) = preSolution
		HideSolutionNode = FALSE
	EndGlobalSection
	GlobalSection(ExtensibilityGlobals) = postSolution
		SolutionGuid = {9C87FDC8-1A2A-44F9-980C-C030E9CA8018}
	EndGlobalSection
EndGlobal
